{
  "name": "ServerlessFaceApp",
  "version": "1.0.0",
  "lockfileVersion": 1,
  "requires": true,
  "dependencies": {
    "@azure/abort-controller": {
      "version": "1.0.4",
      "resolved": "https://registry.npmjs.org/@azure/abort-controller/-/abort-controller-1.0.4.tgz",
      "integrity": "sha512-lNUmDRVGpanCsiUN3NWxFTdwmdFI53xwhkTFfHDGTYk46ca7Ind3nanJc+U6Zj9Tv+9nTCWRBscWEW1DyKOpTw==",
      "requires": {
        "tslib": "^2.0.0"
      }
    },
    "@azure/cognitiveservices-face": {
      "version": "4.2.0",
      "resolved": "https://registry.npmjs.org/@azure/cognitiveservices-face/-/cognitiveservices-face-4.2.0.tgz",
      "integrity": "sha512-okQcjTTgFns7NmSzPAi1Uk0PM/sUojNvKOc8iu/W/NZoxU6rZfXmkUyGdZQ4B73dkAYJOvccy1dvssRUTl3pdg==",
      "requires": {
        "@azure/ms-rest-js": "^2.0.4",
        "tslib": "^1.10.0"
      },
      "dependencies": {
        "tslib": {
          "version": "1.14.1",
          "resolved": "https://registry.npmjs.org/tslib/-/tslib-1.14.1.tgz",
          "integrity": "sha512-Xni35NKzjgMrwevysHTCArtLDpPvye8zV/0E4EyYn43P7/7qvQwPh9BGkHewbMulVntbigmcT7rdX3BNo9wRJg=="
        }
      }
    },
    "@azure/core-asynciterator-polyfill": {
      "version": "1.0.0",
      "resolved": "https://registry.npmjs.org/@azure/core-asynciterator-polyfill/-/core-asynciterator-polyfill-1.0.0.tgz",
      "integrity": "sha512-kmv8CGrPfN9SwMwrkiBK9VTQYxdFQEGe0BmQk+M8io56P9KNzpAxcWE/1fxJj7uouwN4kXF0BHW8DNlgx+wtCg=="
    },
    "@azure/core-auth": {
      "version": "1.3.2",
      "resolved": "https://registry.npmjs.org/@azure/core-auth/-/core-auth-1.3.2.tgz",
      "integrity": "sha512-7CU6DmCHIZp5ZPiZ9r3J17lTKMmYsm/zGvNkjArQwPkrLlZ1TZ+EUYfGgh2X31OLMVAQCTJZW4cXHJi02EbJnA==",
      "requires": {
        "@azure/abort-controller": "^1.0.0",
        "tslib": "^2.2.0"
      }
    },
    "@azure/core-client": {
      "version": "1.3.2",
      "resolved": "https://registry.npmjs.org/@azure/core-client/-/core-client-1.3.2.tgz",
      "integrity": "sha512-qfkRYKmeEmisluMdGTbBtXeyBLaImjFeVW0gcT5yRAwxJmlnTvSyD+a3PjukAtjIrl/tnb4WSJOBpONSJ91+5Q==",
      "requires": {
        "@azure/abort-controller": "^1.0.0",
        "@azure/core-asynciterator-polyfill": "^1.0.0",
        "@azure/core-auth": "^1.3.0",
        "@azure/core-rest-pipeline": "^1.1.0",
        "@azure/core-tracing": "1.0.0-preview.13",
        "tslib": "^2.2.0"
      }
    },
    "@azure/core-http": {
      "version": "2.2.2",
      "resolved": "https://registry.npmjs.org/@azure/core-http/-/core-http-2.2.2.tgz",
      "integrity": "sha512-V1DdoO9V/sFimKpdWoNBgsE+QUjQgpXYnxrTdUp5RyhsTJjvEVn/HKmTQXIHuLUUo6IyIWj+B+Dg4VaXse9dIA==",
      "requires": {
        "@azure/abort-controller": "^1.0.0",
        "@azure/core-asynciterator-polyfill": "^1.0.0",
        "@azure/core-auth": "^1.3.0",
        "@azure/core-tracing": "1.0.0-preview.13",
        "@azure/logger": "^1.0.0",
        "@types/node-fetch": "^2.5.0",
        "@types/tunnel": "^0.0.3",
        "form-data": "^4.0.0",
        "node-fetch": "^2.6.0",
        "process": "^0.11.10",
        "tough-cookie": "^4.0.0",
        "tslib": "^2.2.0",
        "tunnel": "^0.0.6",
        "uuid": "^8.3.0",
        "xml2js": "^0.4.19"
      }
    },
    "@azure/core-paging": {
      "version": "1.2.0",
      "resolved": "https://registry.npmjs.org/@azure/core-paging/-/core-paging-1.2.0.tgz",
      "integrity": "sha512-ZX1bCjm/MjKPCN6kQD/9GJErYSoKA8YWp6YWoo5EIzcTWlSBLXu3gNaBTUl8usGl+UShiKo7b4Gdy1NSTIlpZg==",
      "requires": {
        "@azure/core-asynciterator-polyfill": "^1.0.0",
        "tslib": "^2.2.0"
      }
    },
    "@azure/core-rest-pipeline": {
      "version": "1.3.2",
      "resolved": "https://registry.npmjs.org/@azure/core-rest-pipeline/-/core-rest-pipeline-1.3.2.tgz",
      "integrity": "sha512-kymICKESeHBpVLgQiAxllgWdSTopkqtmfPac8ITwMCxNEC6hzbSpqApYbjzxbBNkBMgoD4GESo6LLhR/sPh6kA==",
      "requires": {
        "@azure/abort-controller": "^1.0.0",
        "@azure/core-auth": "^1.3.0",
        "@azure/core-tracing": "1.0.0-preview.13",
        "@azure/logger": "^1.0.0",
        "form-data": "^4.0.0",
        "http-proxy-agent": "^4.0.1",
        "https-proxy-agent": "^5.0.0",
        "tslib": "^2.2.0",
        "uuid": "^8.3.0"
      },
      "dependencies": {
        "form-data": {
          "version": "4.0.0",
          "resolved": "https://registry.npmjs.org/form-data/-/form-data-4.0.0.tgz",
          "integrity": "sha512-ETEklSGi5t0QMZuiXoA/Q6vcnxcLQP5vdugSpuAyi6SVGi2clPPp+xgEhuMaHC+zGgn31Kd235W35f7Hykkaww==",
          "requires": {
            "asynckit": "^0.4.0",
            "combined-stream": "^1.0.8",
            "mime-types": "^2.1.12"
          }
        },
        "uuid": {
          "version": "8.3.2",
          "resolved": "https://registry.npmjs.org/uuid/-/uuid-8.3.2.tgz",
          "integrity": "sha512-+NYs2QeMWy+GWFOEm9xnn6HCDp0l7QBD7ml8zLUmJ+93Q5NF0NocErnwkTkXVFNiX3/fpC6afS8Dhb/gz7R7eg=="
        }
      }
    },
    "@azure/core-tracing": {
      "version": "1.0.0-preview.13",
      "resolved": "https://registry.npmjs.org/@azure/core-tracing/-/core-tracing-1.0.0-preview.13.tgz",
      "integrity": "sha512-KxDlhXyMlh2Jhj2ykX6vNEU0Vou4nHr025KoSEiz7cS3BNiHNaZcdECk/DmLkEB0as5T7b/TpRcehJ5yV6NeXQ==",
      "requires": {
        "@opentelemetry/api": "^1.0.1",
        "tslib": "^2.2.0"
      }
    },
    "@azure/core-xml": {
      "version": "1.0.0",
      "resolved": "https://registry.npmjs.org/@azure/core-xml/-/core-xml-1.0.0.tgz",
      "integrity": "sha512-VSM3wQomzRZk4SnDK5vKaROON/d3hgfl+D/pfLjpGR8gxRGuO0I8R+Rp/qj6Cq3x7HPgUqrii3/s/RRwDWWdvQ==",
      "requires": {
        "tslib": "^2.2.0",
        "xml2js": "^0.4.19"
      },
      "dependencies": {
        "sax": {
          "version": "1.2.4",
          "resolved": "https://registry.npmjs.org/sax/-/sax-1.2.4.tgz",
          "integrity": "sha512-NqVDv9TpANUjFm0N8uM5GxL36UgKi9/atZw+x7YFnQ8ckwFGKrl4xX4yWtrey3UJm5nP1kUbnYgLopqWNSRhWw=="
        },
        "xml2js": {
          "version": "0.4.23",
          "resolved": "https://registry.npmjs.org/xml2js/-/xml2js-0.4.23.tgz",
          "integrity": "sha512-ySPiMjM0+pLDftHgXY4By0uswI3SPKLDw/i3UXbnO8M/p28zqexCUoPmQFrYD+/1BzhGJSs2i1ERWKJAtiLrug==",
          "requires": {
            "sax": ">=0.6.0",
            "xmlbuilder": "~11.0.0"
          }
        },
        "xmlbuilder": {
          "version": "11.0.1",
          "resolved": "https://registry.npmjs.org/xmlbuilder/-/xmlbuilder-11.0.1.tgz",
          "integrity": "sha512-fDlsI/kFEx7gLvbecc0/ohLG50fugQp8ryHzMTuW9vSa1GJ0XYWKnhsUx7oie3G98+r56aTQIUB4kht42R3JvA=="
        }
      }
    },
    "@azure/data-tables": {
      "version": "13.0.0",
      "resolved": "https://registry.npmjs.org/@azure/data-tables/-/data-tables-13.0.0.tgz",
      "integrity": "sha512-OA9X0rsTP7AM+cZENppMljihYWfn02Tkwa1IdbU8jNfCjV5SL8x2e76L7SN5z/sFxAJ3hdcyMa3sAOXvuSs6/Q==",
      "requires": {
        "@azure/core-auth": "^1.3.0",
        "@azure/core-client": "^1.0.0",
        "@azure/core-paging": "^1.1.1",
        "@azure/core-rest-pipeline": "^1.1.0",
        "@azure/core-tracing": "1.0.0-preview.13",
        "@azure/core-xml": "^1.0.0",
        "@azure/logger": "^1.0.0",
        "tslib": "^2.2.0",
        "uuid": "^8.3.0"
      },
      "dependencies": {
        "uuid": {
          "version": "8.3.2",
          "resolved": "https://registry.npmjs.org/uuid/-/uuid-8.3.2.tgz",
          "integrity": "sha512-+NYs2QeMWy+GWFOEm9xnn6HCDp0l7QBD7ml8zLUmJ+93Q5NF0NocErnwkTkXVFNiX3/fpC6afS8Dhb/gz7R7eg=="
        }
      }
    },
    "@azure/logger": {
      "version": "1.0.3",
      "resolved": "https://registry.npmjs.org/@azure/logger/-/logger-1.0.3.tgz",
      "integrity": "sha512-aK4s3Xxjrx3daZr3VylxejK3vG5ExXck5WOHDJ8in/k9AqlfIyFMMT1uG7u8mNjX+QRILTIn0/Xgschfh/dQ9g==",
      "requires": {
        "tslib": "^2.2.0"
      }
    },
    "@azure/ms-rest-azure-js": {
      "version": "2.1.0",
      "resolved": "https://registry.npmjs.org/@azure/ms-rest-azure-js/-/ms-rest-azure-js-2.1.0.tgz",
      "integrity": "sha512-CjZjB8apvXl5h97Ck6SbeeCmU0sk56YPozPtTyGudPp1RGoHXNjFNtoOvwOG76EdpmMpxbK10DqcygI16Lu60Q==",
      "requires": {
        "@azure/core-auth": "^1.1.4",
        "@azure/ms-rest-js": "^2.2.0",
        "tslib": "^1.10.0"
      },
      "dependencies": {
        "tslib": {
          "version": "1.14.1",
          "resolved": "https://registry.npmjs.org/tslib/-/tslib-1.14.1.tgz",
          "integrity": "sha512-Xni35NKzjgMrwevysHTCArtLDpPvye8zV/0E4EyYn43P7/7qvQwPh9BGkHewbMulVntbigmcT7rdX3BNo9wRJg=="
        }
      }
    },
    "@azure/ms-rest-js": {
      "version": "2.6.0",
      "resolved": "https://registry.npmjs.org/@azure/ms-rest-js/-/ms-rest-js-2.6.0.tgz",
      "integrity": "sha512-4C5FCtvEzWudblB+h92/TYYPiq7tuElX8icVYToxOdggnYqeec4Se14mjse5miInKtZahiFHdl8lZA/jziEc5g==",
      "requires": {
        "@azure/core-auth": "^1.1.4",
        "abort-controller": "^3.0.0",
        "form-data": "^2.5.0",
        "node-fetch": "^2.6.0",
        "tough-cookie": "^3.0.1",
        "tslib": "^1.10.0",
        "tunnel": "0.0.6",
        "uuid": "^8.3.2",
        "xml2js": "^0.4.19"
      },
      "dependencies": {
        "form-data": {
          "version": "2.5.1",
          "resolved": "https://registry.npmjs.org/form-data/-/form-data-2.5.1.tgz",
          "integrity": "sha512-m21N3WOmEEURgk6B9GLOE4RuWOFf28Lhh9qGYeNlGq4VDXUlJy2th2slBNU8Gp8EzloYZOibZJ7t5ecIrFSjVA==",
          "requires": {
            "asynckit": "^0.4.0",
            "combined-stream": "^1.0.6",
            "mime-types": "^2.1.12"
          }
        },
        "tough-cookie": {
          "version": "3.0.1",
          "resolved": "https://registry.npmjs.org/tough-cookie/-/tough-cookie-3.0.1.tgz",
          "integrity": "sha512-yQyJ0u4pZsv9D4clxO69OEjLWYw+jbgspjTue4lTQZLfV0c5l1VmK2y1JK8E9ahdpltPOaAThPcp5nKPUgSnsg==",
          "requires": {
            "ip-regex": "^2.1.0",
            "psl": "^1.1.28",
            "punycode": "^2.1.1"
          }
        },
        "tslib": {
          "version": "1.14.1",
          "resolved": "https://registry.npmjs.org/tslib/-/tslib-1.14.1.tgz",
          "integrity": "sha512-Xni35NKzjgMrwevysHTCArtLDpPvye8zV/0E4EyYn43P7/7qvQwPh9BGkHewbMulVntbigmcT7rdX3BNo9wRJg=="
        }
      }
    },
    "@azure/storage-queue": {
      "version": "12.7.0",
      "resolved": "https://registry.npmjs.org/@azure/storage-queue/-/storage-queue-12.7.0.tgz",
      "integrity": "sha512-yS27do9Dn3ohaOHWIwZfyu+I3gG0QJWNCl+qTLmsyWxBz5KO3O+clQ+NYo9tvovPBkBftf3kY2K705AeH0o0SQ==",
      "requires": {
        "@azure/abort-controller": "^1.0.0",
        "@azure/core-http": "^2.0.0",
        "@azure/core-paging": "^1.1.1",
        "@azure/core-tracing": "1.0.0-preview.13",
        "@azure/logger": "^1.0.0",
        "tslib": "^2.2.0"
      }
    },
    "@opentelemetry/api": {
      "version": "1.0.3",
      "resolved": "https://registry.npmjs.org/@opentelemetry/api/-/api-1.0.3.tgz",
      "integrity": "sha512-puWxACExDe9nxbBB3lOymQFrLYml2dVOrd7USiVRnSbgXE+KwBu+HxFvxrzfqsiSda9IWsXJG1ef7C1O2/GmKQ=="
    },
    "@sendgrid/client": {
      "version": "7.6.0",
      "resolved": "https://registry.npmjs.org/@sendgrid/client/-/client-7.6.0.tgz",
      "integrity": "sha512-cpBVZKLlMTO+vpE18krTixubYmZa98oTbLkqBDuTiA3zRkW+urrxg7pDR24TkI35Mid0Zru8jDHwnOiqrXu0TA==",
      "requires": {
        "@sendgrid/helpers": "^7.6.0",
        "axios": "^0.21.4"
      }
    },
    "@sendgrid/helpers": {
      "version": "7.6.0",
      "resolved": "https://registry.npmjs.org/@sendgrid/helpers/-/helpers-7.6.0.tgz",
      "integrity": "sha512-0uWD+HSXLl4Z/X3cN+UMQC20RE7xwAACgppnfjDyvKG0KvJcUgDGz7HDdQkiMUdcVWfmyk6zKSg7XKfKzBjTwA==",
      "requires": {
        "deepmerge": "^4.2.2"
      }
    },
    "@sendgrid/mail": {
      "version": "7.6.0",
      "resolved": "https://registry.npmjs.org/@sendgrid/mail/-/mail-7.6.0.tgz",
      "integrity": "sha512-0KdaSZzflJD/vUAZjB3ALBIuaVGoLq22hrb2fvQXZHRepU/yhRNlEOqrr05MfKBnKskzq1blnD1J0fHxiwaolw==",
      "requires": {
        "@sendgrid/client": "^7.6.0",
        "@sendgrid/helpers": "^7.6.0"
      }
    },
    "@tootallnate/once": {
      "version": "1.1.2",
      "resolved": "https://registry.npmjs.org/@tootallnate/once/-/once-1.1.2.tgz",
      "integrity": "sha512-RbzJvlNzmRq5c3O09UipeuXno4tA1FE6ikOjxZK0tuxVv3412l64l5t1W5pj4+rJq9vpkm/kwiR07aZXnsKPxw=="
    },
    "@types/node": {
      "version": "16.11.7",
      "resolved": "https://registry.npmjs.org/@types/node/-/node-16.11.7.tgz",
      "integrity": "sha512-QB5D2sqfSjCmTuWcBWyJ+/44bcjO7VbjSbOE0ucoVbAsSNQc4Lt6QkgkVXkTDwkL4z/beecZNDvVX15D4P8Jbw=="
    },
    "@types/node-fetch": {
      "version": "2.5.12",
      "resolved": "https://registry.npmjs.org/@types/node-fetch/-/node-fetch-2.5.12.tgz",
      "integrity": "sha512-MKgC4dlq4kKNa/mYrwpKfzQMB5X3ee5U6fSprkKpToBqBmX4nFZL9cW5jl6sWn+xpRJ7ypWh2yyqqr8UUCstSw==",
      "requires": {
        "@types/node": "*",
        "form-data": "^3.0.0"
      },
      "dependencies": {
        "form-data": {
          "version": "3.0.1",
          "resolved": "https://registry.npmjs.org/form-data/-/form-data-3.0.1.tgz",
          "integrity": "sha512-RHkBKtLWUVwd7SqRIvCZMEvAMoGUp0XU+seQiZejj0COz3RI3hWP4sCv3gZWWLjJTd7rGwcsF5eKZGii0r/hbg==",
          "requires": {
            "asynckit": "^0.4.0",
            "combined-stream": "^1.0.8",
            "mime-types": "^2.1.12"
          }
        }
      }
    },
    "@types/tunnel": {
      "version": "0.0.3",
      "resolved": "https://registry.npmjs.org/@types/tunnel/-/tunnel-0.0.3.tgz",
      "integrity": "sha512-sOUTGn6h1SfQ+gbgqC364jLFBw2lnFqkgF3q0WovEHRLMrVD1sd5aufqi/aJObLekJO+Aq5z646U4Oxy6shXMA==",
      "requires": {
        "@types/node": "*"
      }
    },
    "abort-controller": {
      "version": "3.0.0",
      "resolved": "https://registry.npmjs.org/abort-controller/-/abort-controller-3.0.0.tgz",
      "integrity": "sha512-h8lQ8tacZYnR3vNQTgibj+tODHI5/+l06Au2Pcriv/Gmet0eaj4TwWH41sO9wnHDiQsEj19q0drzdWdeAHtweg==",
      "requires": {
        "event-target-shim": "^5.0.0"
      }
    },
    "agent-base": {
      "version": "6.0.2",
      "resolved": "https://registry.npmjs.org/agent-base/-/agent-base-6.0.2.tgz",
      "integrity": "sha512-RZNwNclF7+MS/8bDg70amg32dyeZGZxiDuQmZxKLAlQjr3jGyLx+4Kkk58UO7D2QdgFIQCovuSuZESne6RG6XQ==",
      "requires": {
        "debug": "4"
      }
    },
    "asynckit": {
      "version": "0.4.0",
      "resolved": "https://registry.npmjs.org/asynckit/-/asynckit-0.4.0.tgz",
      "integrity": "sha1-x57Zf380y48robyXkLzDZkdLS3k="
    },
    "axios": {
      "version": "0.21.4",
      "resolved": "https://registry.npmjs.org/axios/-/axios-0.21.4.tgz",
      "integrity": "sha512-ut5vewkiu8jjGBdqpM44XxjuCjq9LAKeHVmoVfHVzy8eHgxxq8SbAVQNovDA8mVi05kP0Ea/n/UzcSHcTJQfNg==",
      "requires": {
        "follow-redirects": "^1.14.0"
      }
    },
    "combined-stream": {
      "version": "1.0.8",
      "resolved": "https://registry.npmjs.org/combined-stream/-/combined-stream-1.0.8.tgz",
      "integrity": "sha512-FQN4MRfuJeHf7cBbBMJFXhKSDq+2kAArBlmRBvcvFE5BB1HZKXtSFASDhdlz9zOYwxh8lDdnvmMOe/+5cdoEdg==",
      "requires": {
        "delayed-stream": "~1.0.0"
      }
    },
    "debug": {
      "version": "4.3.2",
      "resolved": "https://registry.npmjs.org/debug/-/debug-4.3.2.tgz",
      "integrity": "sha512-mOp8wKcvj7XxC78zLgw/ZA+6TSgkoE2C/ienthhRD298T7UNwAg9diBpLRxC0mOezLl4B0xV7M0cCO6P/O0Xhw==",
      "requires": {
        "ms": "2.1.2"
      }
    },
    "deepmerge": {
      "version": "4.2.2",
      "resolved": "https://registry.npmjs.org/deepmerge/-/deepmerge-4.2.2.tgz",
      "integrity": "sha512-FJ3UgI4gIl+PHZm53knsuSFpE+nESMr7M4v9QcgB7S63Kj/6WqMiFQJpBBYz1Pt+66bZpP3Q7Lye0Oo9MPKEdg=="
    },
    "delayed-stream": {
      "version": "1.0.0",
      "resolved": "https://registry.npmjs.org/delayed-stream/-/delayed-stream-1.0.0.tgz",
      "integrity": "sha1-3zrhmayt+31ECqrgsp4icrJOxhk="
    },
    "event-target-shim": {
      "version": "5.0.1",
      "resolved": "https://registry.npmjs.org/event-target-shim/-/event-target-shim-5.0.1.tgz",
      "integrity": "sha512-i/2XbnSz/uxRCU6+NdVJgKWDTM427+MqYbkQzD321DuCQJUqOuJKIA0IM2+W2xtYHdKOmZ4dR6fExsd4SXL+WQ=="
    },
    "follow-redirects": {
      "version": "1.14.5",
      "resolved": "https://registry.npmjs.org/follow-redirects/-/follow-redirects-1.14.5.tgz",
      "integrity": "sha512-wtphSXy7d4/OR+MvIFbCVBDzZ5520qV8XfPklSN5QtxuMUJZ+b0Wnst1e1lCDocfzuCkHqj8k0FpZqO+UIaKNA=="
    },
    "form-data": {
      "version": "4.0.0",
      "resolved": "https://registry.npmjs.org/form-data/-/form-data-4.0.0.tgz",
      "integrity": "sha512-ETEklSGi5t0QMZuiXoA/Q6vcnxcLQP5vdugSpuAyi6SVGi2clPPp+xgEhuMaHC+zGgn31Kd235W35f7Hykkaww==",
      "requires": {
        "asynckit": "^0.4.0",
        "combined-stream": "^1.0.8",
        "mime-types": "^2.1.12"
      }
    },
    "http-proxy-agent": {
      "version": "4.0.1",
      "resolved": "https://registry.npmjs.org/http-proxy-agent/-/http-proxy-agent-4.0.1.tgz",
      "integrity": "sha512-k0zdNgqWTGA6aeIRVpvfVob4fL52dTfaehylg0Y4UvSySvOq/Y+BOyPrgpUrA7HylqvU8vIZGsRuXmspskV0Tg==",
      "requires": {
        "@tootallnate/once": "1",
        "agent-base": "6",
        "debug": "4"
      }
    },
    "https-proxy-agent": {
      "version": "5.0.0",
      "resolved": "https://registry.npmjs.org/https-proxy-agent/-/https-proxy-agent-5.0.0.tgz",
      "integrity": "sha512-EkYm5BcKUGiduxzSt3Eppko+PiNWNEpa4ySk9vTC6wDsQJW9rHSa+UhGNJoRYp7bz6Ht1eaRIa6QaJqO5rCFbA==",
      "requires": {
        "agent-base": "6",
        "debug": "4"
      }
    },
    "ip-regex": {
      "version": "2.1.0",
      "resolved": "https://registry.npmjs.org/ip-regex/-/ip-regex-2.1.0.tgz",
      "integrity": "sha1-+ni/XS5pE8kRzp+BnuUUa7bYROk="
    },
    "mime-db": {
      "version": "1.51.0",
      "resolved": "https://registry.npmjs.org/mime-db/-/mime-db-1.51.0.tgz",
      "integrity": "sha512-5y8A56jg7XVQx2mbv1lu49NR4dokRnhZYTtL+KGfaa27uq4pSTXkwQkFJl4pkRMyNFz/EtYDSkiiEHx3F7UN6g=="
    },
    "mime-types": {
      "version": "2.1.34",
      "resolved": "https://registry.npmjs.org/mime-types/-/mime-types-2.1.34.tgz",
      "integrity": "sha512-6cP692WwGIs9XXdOO4++N+7qjqv0rqxxVvJ3VHPh/Sc9mVZcQP+ZGhkKiTvWMQRr2tbHkJP/Yn7Y0npb3ZBs4A==",
      "requires": {
        "mime-db": "1.51.0"
      }
    },
    "ms": {
      "version": "2.1.2",
      "resolved": "https://registry.npmjs.org/ms/-/ms-2.1.2.tgz",
      "integrity": "sha512-sGkPx+VjMtmA6MX27oA4FBFELFCZZ4S4XqeGOXCv68tT+jb3vk/RyaKWP0PTKyWtmLSM0b+adUTEvbs1PEaH2w=="
    },
    "node-fetch": {
      "version": "2.6.6",
      "resolved": "https://registry.npmjs.org/node-fetch/-/node-fetch-2.6.6.tgz",
      "integrity": "sha512-Z8/6vRlTUChSdIgMa51jxQ4lrw/Jy5SOW10ObaA47/RElsAN2c5Pn8bTgFGWn/ibwzXTE8qwr1Yzx28vsecXEA==",
      "requires": {
        "whatwg-url": "^5.0.0"
      }
    },
    "process": {
      "version": "0.11.10",
      "resolved": "https://registry.npmjs.org/process/-/process-0.11.10.tgz",
      "integrity": "sha1-czIwDoQBYb2j5podHZGn1LwW8YI="
    },
    "psl": {
      "version": "1.8.0",
      "resolved": "https://registry.npmjs.org/psl/-/psl-1.8.0.tgz",
      "integrity": "sha512-RIdOzyoavK+hA18OGGWDqUTsCLhtA7IcZ/6NCs4fFJaHBDab+pDDmDIByWFRQJq2Cd7r1OoQxBGKOaztq+hjIQ=="
    },
    "punycode": {
      "version": "2.1.1",
      "resolved": "https://registry.npmjs.org/punycode/-/punycode-2.1.1.tgz",
      "integrity": "sha512-XRsRjdf+j5ml+y/6GKHPZbrF/8p2Yga0JPtdqTIY2Xe5ohJPD9saDJJLPvp9+NSBprVvevdXZybnj2cv8OEd0A=="
    },
    "sax": {
      "version": "1.2.4",
      "resolved": "https://registry.npmjs.org/sax/-/sax-1.2.4.tgz",
      "integrity": "sha512-NqVDv9TpANUjFm0N8uM5GxL36UgKi9/atZw+x7YFnQ8ckwFGKrl4xX4yWtrey3UJm5nP1kUbnYgLopqWNSRhWw=="
    },
    "tough-cookie": {
      "version": "4.0.0",
      "resolved": "https://registry.npmjs.org/tough-cookie/-/tough-cookie-4.0.0.tgz",
      "integrity": "sha512-tHdtEpQCMrc1YLrMaqXXcj6AxhYi/xgit6mZu1+EDWUn+qhUf8wMQoFIy9NXuq23zAwtcB0t/MjACGR18pcRbg==",
      "requires": {
        "psl": "^1.1.33",
        "punycode": "^2.1.1",
        "universalify": "^0.1.2"
      }
    },
    "tr46": {
      "version": "0.0.3",
      "resolved": "https://registry.npmjs.org/tr46/-/tr46-0.0.3.tgz",
      "integrity": "sha1-gYT9NH2snNwYWZLzpmIuFLnZq2o="
    },
    "tslib": {
      "version": "2.3.1",
      "resolved": "https://registry.npmjs.org/tslib/-/tslib-2.3.1.tgz",
      "integrity": "sha512-77EbyPPpMz+FRFRuAFlWMtmgUWGe9UOG2Z25NqCwiIjRhOf5iKGuzSe5P2w1laq+FkRy4p+PCuVkJSGkzTEKVw=="
    },
    "tunnel": {
      "version": "0.0.6",
      "resolved": "https://registry.npmjs.org/tunnel/-/tunnel-0.0.6.tgz",
      "integrity": "sha512-1h/Lnq9yajKY2PEbBadPXj3VxsDDu844OnaAo52UVmIzIvwwtBPIuNvkjuzBlTWpfJyUbG3ez0KSBibQkj4ojg=="
    },
    "universalify": {
      "version": "0.1.2",
      "resolved": "https://registry.npmjs.org/universalify/-/universalify-0.1.2.tgz",
      "integrity": "sha512-rBJeI5CXAlmy1pV+617WB9J63U6XcazHHF2f2dbJix4XzpUF0RS3Zbj0FGIOCAva5P/d/GBOYaACQ1w+0azUkg=="
    },
    "uuid": {
      "version": "8.3.2",
      "resolved": "https://registry.npmjs.org/uuid/-/uuid-8.3.2.tgz",
      "integrity": "sha512-+NYs2QeMWy+GWFOEm9xnn6HCDp0l7QBD7ml8zLUmJ+93Q5NF0NocErnwkTkXVFNiX3/fpC6afS8Dhb/gz7R7eg=="
    },
    "webidl-conversions": {
      "version": "3.0.1",
      "resolved": "https://registry.npmjs.org/webidl-conversions/-/webidl-conversions-3.0.1.tgz",
      "integrity": "sha1-JFNCdeKnvGvnvIZhHMFq4KVlSHE="
    },
    "whatwg-url": {
      "version": "5.0.0",
      "resolved": "https://registry.npmjs.org/whatwg-url/-/whatwg-url-5.0.0.tgz",
      "integrity": "sha1-lmRU6HZUYuN2RNNib2dCzotwll0=",
      "requires": {
        "tr46": "~0.0.3",
        "webidl-conversions": "^3.0.0"
      }
    },
    "xml2js": {
      "version": "0.4.23",
      "resolved": "https://registry.npmjs.org/xml2js/-/xml2js-0.4.23.tgz",
      "integrity": "sha512-ySPiMjM0+pLDftHgXY4By0uswI3SPKLDw/i3UXbnO8M/p28zqexCUoPmQFrYD+/1BzhGJSs2i1ERWKJAtiLrug==",
      "requires": {
        "sax": ">=0.6.0",
        "xmlbuilder": "~11.0.0"
      }
    },
    "xmlbuilder": {
      "version": "11.0.1",
      "resolved": "https://registry.npmjs.org/xmlbuilder/-/xmlbuilder-11.0.1.tgz",
      "integrity": "sha512-fDlsI/kFEx7gLvbecc0/ohLG50fugQp8ryHzMTuW9vSa1GJ0XYWKnhsUx7oie3G98+r56aTQIUB4kht42R3JvA=="
    }
  }
}
